
Microsoft Visual Studio Solution File, Format Version 12.00
# Visual Studio Version 17
VisualStudioVersion = 17.13.35931.197 d17.13
MinimumVisualStudioVersion = 10.0.40219.1
Project("{FAE04EC0-301F-11D3-BF4B-00C04F79EFBC}") = "ex03", "ex03\ex03.csproj", "{7A30F2FA-2A09-4470-A713-93D7C882FFC5}"
EndProject
Global
	GlobalSection(SolutionConfigurationPlatforms) = preSolution
		Debug|Any CPU = Debug|Any CPU
		Release|Any CPU = Release|Any CPU
	EndGlobalSection
	GlobalSection(ProjectConfigurationPlatforms) = postSolution
		{7A30F2FA-2A09-4470-A713-93D7C882FFC5}.Debug|Any CPU.ActiveCfg = Debug|Any CPU
		{7A30F2FA-2A09-4470-A713-93D7C882FFC5}.Debug|Any CPU.Build.0 = Debug|Any CPU
		{7A30F2FA-2A09-4470-A713-93D7C882FFC5}.Release|Any CPU.ActiveCfg = Release|Any CPU
		{7A30F2FA-2A09-4470-A713-93D7C882FFC5}.Release|Any CPU.Build.0 = Release|Any CPU
	EndGlobalSection
	GlobalSection(SolutionProperties) = preSolution
		HideSolutionNode = FALSE
	EndGlobalSection
	GlobalSection(ExtensibilityGlobals) = postSolution
		SolutionGuid = {1DE95BBE-CDEB-4B84-96A9-C879E1B21D48}
	EndGlobalSection
EndGlobal
