
Microsoft Visual Studio Solution File, Format Version 12.00
# Visual Studio Version 17
VisualStudioVersion = 17.14.36414.22 d17.14
MinimumVisualStudioVersion = 10.0.40219.1
Project("{FAE04EC0-301F-11D3-BF4B-00C04F79EFBC}") = "ex07", "ex07\ex07.csproj", "{4AB0E0E9-4410-41E1-B698-F8D3E16C8DCE}"
EndProject
Global
	GlobalSection(SolutionConfigurationPlatforms) = preSolution
		Debug|Any CPU = Debug|Any CPU
		Release|Any CPU = Release|Any CPU
	EndGlobalSection
	GlobalSection(ProjectConfigurationPlatforms) = postSolution
		{4AB0E0E9-4410-41E1-B698-F8D3E16C8DCE}.Debug|Any CPU.ActiveCfg = Debug|Any CPU
		{4AB0E0E9-4410-41E1-B698-F8D3E16C8DCE}.Debug|Any CPU.Build.0 = Debug|Any CPU
		{4AB0E0E9-4410-41E1-B698-F8D3E16C8DCE}.Release|Any CPU.ActiveCfg = Release|Any CPU
		{4AB0E0E9-4410-41E1-B698-F8D3E16C8DCE}.Release|Any CPU.Build.0 = Release|Any CPU
	EndGlobalSection
	GlobalSection(SolutionProperties) = preSolution
		HideSolutionNode = FALSE
	EndGlobalSection
	GlobalSection(ExtensibilityGlobals) = postSolution
		SolutionGuid = {AEC150AB-6EC9-47EC-B7F8-79028EF72054}
	EndGlobalSection
EndGlobal
